# This file is autogenerated, do not edit; changes may be undone by the next 'dep ensure'.


[[projects]]
  name = "cloud.google.com/go"
  packages = ["compute/metadata"]
  revision = "5a9e19d4e1e41a734154e44a2132b358afb49a03"
  version = "v0.13.0"

[[projects]]
  name = "github.com/Azure/azure-sdk-for-go"
  packages = ["arm/compute","arm/network","arm/resources/resources","arm/storage","management","management/hostedservice","management/location","management/virtualmachine","management/virtualmachinedisk","management/virtualnetwork","management/vmutils","storage"]
  revision = "df4dd90d076ebbf6e87d08d3f00bfac8ff4bde1a"
  version = "v10.3.1-beta"

[[projects]]
  name = "github.com/Azure/go-autorest"
  packages = ["autorest","autorest/adal","autorest/azure","autorest/date","autorest/to","autorest/validation"]
  revision = "5432abe734f8d95c78340cd56712f912906e6514"
  version = "v8.3.1"

[[projects]]
  branch = "master"
  name = "github.com/apcera/util"
  packages = ["uuid"]
  revision = "346d8c10c6f817df60ff768b05ced4170d747180"

[[projects]]
  name = "github.com/aws/aws-sdk-go"
  packages = ["aws","aws/awserr","aws/awsutil","aws/client","aws/client/metadata","aws/corehandlers","aws/credentials","aws/credentials/ec2rolecreds","aws/credentials/endpointcreds","aws/credentials/stscreds","aws/defaults","aws/ec2metadata","aws/endpoints","aws/request","aws/session","aws/signer/v4","internal/shareddefaults","private/protocol","private/protocol/ec2query","private/protocol/query","private/protocol/query/queryutil","private/protocol/rest","private/protocol/xml/xmlutil","service/ec2","service/sts"]
  revision = "54cc1aa0ef5ada10597b09e1939a8eb75f6aef96"
  version = "v1.10.43"

[[projects]]
  name = "github.com/dgrijalva/jwt-go"
  packages = ["."]
  revision = "d2709f9f1f31ebcda9651b03077758c1f3a0018c"
  version = "v3.0.0"

[[projects]]
  name = "github.com/go-ini/ini"
  packages = ["."]
  revision = "20b96f641a5ea98f2f8619ff4f3e061cff4833bd"
  version = "v1.28.2"

[[projects]]
  branch = "master"
  name = "github.com/golang/protobuf"
  packages = ["proto"]
  revision = "17ce1425424ab154092bbb43af630bd647f3bb0d"

[[projects]]
  branch = "master"
  name = "github.com/gophercloud/gophercloud"
  packages = [".","openstack","openstack/blockstorage/v1/volumes","openstack/compute/v2/extensions/floatingips","openstack/compute/v2/extensions/startstop","openstack/compute/v2/extensions/volumeattach","openstack/compute/v2/flavors","openstack/compute/v2/images","openstack/compute/v2/servers","openstack/identity/v2/tenants","openstack/identity/v2/tokens","openstack/identity/v3/tokens","openstack/networking/v2/networks","openstack/utils","pagination"]
  revision = "e764e6cf0316a135851b56f8eea946b906988707"

[[projects]]
  name = "github.com/jmespath/go-jmespath"
  packages = ["."]
  revision = "3433f3ea46d9f8019119e7dd41274e112a2359a9"
  version = "0.2.2"

[[projects]]
  branch = "master"
  name = "github.com/pyr/egoscale"
  packages = ["."]
  revision = "325740036187ddae3a5b74be00fbbc70011c4d96"

[[projects]]
  name = "github.com/satori/uuid"
  packages = ["."]
  revision = "879c5887cd475cd7864858769793b2ceb0d44feb"
  version = "v1.1.0"

[[projects]]
  branch = "master"
  name = "github.com/vmware/govmomi"
  packages = [".","find","list","nfc","object","ovf","property","session","task","vim25","vim25/debug","vim25/methods","vim25/mo","vim25/progress","vim25/soap","vim25/types","vim25/xml"]
  revision = "17b8c9ccb7f8c7b015d44c4ea39305c970a7bf31"

[[projects]]
  branch = "master"
  name = "golang.org/x/crypto"
  packages = ["curve25519","ed25519","ed25519/internal/edwards25519","pkcs12","pkcs12/internal/rc2","ssh"]
  revision = "faadfbdc035307d901e69eea569f5dda451a3ee3"

[[projects]]
  branch = "master"
  name = "golang.org/x/net"
  packages = ["context","context/ctxhttp"]
  revision = "66aacef3dd8a676686c7ae3716979581e8b03c47"

[[projects]]
  branch = "master"
  name = "golang.org/x/oauth2"
  packages = [".","google","internal","jws","jwt"]
  revision = "d89af98d7c6bba047c5a2622f36bc14b8766df85"

[[projects]]
  branch = "master"
  name = "google.golang.org/api"
  packages = ["compute/v1","gensupport","googleapi","googleapi/internal/uritemplates"]
  revision = "6d17a978cb363067e40a571c7cd7ddc010af35b0"

[[projects]]
  name = "google.golang.org/appengine"
  packages = [".","internal","internal/app_identity","internal/base","internal/datastore","internal/log","internal/modules","internal/remote_api","internal/urlfetch","urlfetch"]
  revision = "150dc57a1b433e64154302bdc40b6bb8aefa313a"
  version = "v1.0.0"

[solve-meta]
  analyzer-name = "dep"
  analyzer-version = 1
  inputs-digest = "f4c60a26d2f23a002094604b4faabfe170b7136df9f5a264eeede7bf1b3246ec"
  solver-name = "gps-cdcl"
  solver-version = 1
