# This file is autogenerated, do not edit; changes may be undone by the next 'dep ensure'.


[[projects]]
  name = "cloud.google.com/go"
  packages = ["compute/metadata"]
  revision = "a5913b3f7deecba45e98ff33cefbac4fd204ddd7"
  version = "v0.10.0"

[[projects]]
  name = "github.com/Azure/azure-sdk-for-go"
  packages = ["arm/compute","arm/network","arm/resources/resources","arm/storage","management","management/hostedservice","management/location","management/virtualmachine","management/virtualmachinedisk","management/virtualnetwork","management/vmutils"]
  revision = "59c277f1b488b81b1a5f944212f25b69bea8ece3"
  version = "v10.1.0-beta"

[[projects]]
  name = "github.com/Azure/azure-storage-go"
  packages = ["."]
  revision = "7c36d244fc8bf27bcf9785b0b37d6beef2949296"
  version = "v0.1.0"

[[projects]]
  name = "github.com/Azure/go-autorest"
  packages = ["autorest","autorest/azure","autorest/date","autorest/to","autorest/validation"]
  revision = "a2fdd780c9a50455cecd249b00bdc3eb73a78e31"
  version = "v7.3.1"

[[projects]]
  branch = "master"
  name = "github.com/apcera/util"
  packages = ["uuid"]
  revision = "346d8c10c6f817df60ff768b05ced4170d747180"

[[projects]]
  name = "github.com/aws/aws-sdk-go"
  packages = ["aws","aws/awserr","aws/awsutil","aws/client","aws/client/metadata","aws/corehandlers","aws/credentials","aws/credentials/ec2rolecreds","aws/credentials/endpointcreds","aws/credentials/stscreds","aws/defaults","aws/ec2metadata","aws/endpoints","aws/request","aws/session","aws/signer/v4","internal/shareddefaults","private/protocol","private/protocol/ec2query","private/protocol/query","private/protocol/query/queryutil","private/protocol/rest","private/protocol/xml/xmlutil","service/ec2","service/sts"]
  revision = "b73b028e599fa9176687c70b8f9cafbe57c27d20"
  version = "v1.10.11"

[[projects]]
  name = "github.com/dgrijalva/jwt-go"
  packages = ["."]
  revision = "d2709f9f1f31ebcda9651b03077758c1f3a0018c"
  version = "v3.0.0"

[[projects]]
  name = "github.com/go-ini/ini"
  packages = ["."]
  revision = "d3de07a94d22b4a0972deb4b96d790c2c0ce8333"
  version = "v1.28.0"

[[projects]]
  branch = "master"
  name = "github.com/golang/protobuf"
  packages = ["proto"]
  revision = "0a4f71a498b7c4812f64969510bcb4eca251e33a"

[[projects]]
  branch = "master"
  name = "github.com/gophercloud/gophercloud"
  packages = [".","openstack","openstack/blockstorage/v1/volumes","openstack/compute/v2/extensions/floatingips","openstack/compute/v2/extensions/startstop","openstack/compute/v2/extensions/volumeattach","openstack/compute/v2/flavors","openstack/compute/v2/images","openstack/compute/v2/servers","openstack/identity/v2/tenants","openstack/identity/v2/tokens","openstack/identity/v3/tokens","openstack/networking/v2/networks","openstack/utils","pagination"]
  revision = "062f2739aef0b03a8e68cd94865c34d416d753e0"

[[projects]]
  name = "github.com/jmespath/go-jmespath"
  packages = ["."]
  revision = "3433f3ea46d9f8019119e7dd41274e112a2359a9"
  version = "0.2.2"

[[projects]]
  branch = "master"
  name = "github.com/pyr/egoscale"
  packages = ["src/egoscale"]
  revision = "987e683a7552f34ee586217d1cc8507d52e80ab9"

[[projects]]
  name = "github.com/vmware/govmomi"
  packages = [".","find","list","object","property","session","task","vim25","vim25/debug","vim25/methods","vim25/mo","vim25/progress","vim25/soap","vim25/types","vim25/xml"]
  revision = "b63044e5f833781eb7b305bc035392480ee06a82"
  version = "v0.15.0"

[[projects]]
  branch = "master"
  name = "golang.org/x/crypto"
  packages = ["curve25519","ed25519","ed25519/internal/edwards25519","pkcs12","pkcs12/internal/rc2","ssh"]
  revision = "dd85ac7e6a88fc6ca420478e934de5f1a42dd3c6"

[[projects]]
  branch = "master"
  name = "golang.org/x/net"
  packages = ["context","context/ctxhttp"]
  revision = "f01ecb60fe3835d80d9a0b7b2bf24b228c89260e"

[[projects]]
  branch = "master"
  name = "golang.org/x/oauth2"
  packages = [".","google","internal","jws","jwt"]
  revision = "cce311a261e6fcf29de72ca96827bdb0b7d9c9e6"

[[projects]]
  branch = "master"
  name = "google.golang.org/api"
  packages = ["compute/v1","gensupport","googleapi","googleapi/internal/uritemplates"]
  revision = "e665075b5ff79143ba49c58fab02df9dc122afd5"

[[projects]]
  name = "google.golang.org/appengine"
  packages = [".","internal","internal/app_identity","internal/base","internal/datastore","internal/log","internal/modules","internal/remote_api","internal/urlfetch","urlfetch"]
  revision = "150dc57a1b433e64154302bdc40b6bb8aefa313a"
  version = "v1.0.0"

[solve-meta]
  analyzer-name = "dep"
  analyzer-version = 1
  inputs-digest = "c14581cd45e8915512b7243893fa6b645c23c7064a729257111bcc3afcdb451f"
  solver-name = "gps-cdcl"
  solver-version = 1
